
Microsoft Visual Studio Solution File, Format Version 12.00
# Visual Studio 15
VisualStudioVersion = 15.0.26124.0
MinimumVisualStudioVersion = 15.0.26124.0
Project("{FAE04EC0-301F-11D3-BF4B-00C04F79EFBC}") = "API", "API\API.csproj", "{015F75D6-0B26-4F24-BDC8-0736FD8916D1}"
EndProject
Project("{FAE04EC0-301F-11D3-BF4B-00C04F79EFBC}") = "Core", "Core\Core.csproj", "{DEE6CFEF-B656-4F71-8668-09A65FBBFCC5}"
EndProject
Project("{FAE04EC0-301F-11D3-BF4B-00C04F79EFBC}") = "Infrastructure", "Infrastructure\Infrastructure.csproj", "{40A47BD2-C20F-4B9A-A978-433A416CA360}"
EndProject
Global
	GlobalSection(SolutionConfigurationPlatforms) = preSolution
		Debug|Any CPU = Debug|Any CPU
		Debug|x64 = Debug|x64
		Debug|x86 = Debug|x86
		Release|Any CPU = Release|Any CPU
		Release|x64 = Release|x64
		Release|x86 = Release|x86
	EndGlobalSection
	GlobalSection(SolutionProperties) = preSolution
		HideSolutionNode = FALSE
	EndGlobalSection
	GlobalSection(ProjectConfigurationPlatforms) = postSolution
		{015F75D6-0B26-4F24-BDC8-0736FD8916D1}.Debug|Any CPU.ActiveCfg = Debug|Any CPU
		{015F75D6-0B26-4F24-BDC8-0736FD8916D1}.Debug|Any CPU.Build.0 = Debug|Any CPU
		{015F75D6-0B26-4F24-BDC8-0736FD8916D1}.Debug|x64.ActiveCfg = Debug|Any CPU
		{015F75D6-0B26-4F24-BDC8-0736FD8916D1}.Debug|x64.Build.0 = Debug|Any CPU
		{015F75D6-0B26-4F24-BDC8-0736FD8916D1}.Debug|x86.ActiveCfg = Debug|Any CPU
		{015F75D6-0B26-4F24-BDC8-0736FD8916D1}.Debug|x86.Build.0 = Debug|Any CPU
		{015F75D6-0B26-4F24-BDC8-0736FD8916D1}.Release|Any CPU.ActiveCfg = Release|Any CPU
		{015F75D6-0B26-4F24-BDC8-0736FD8916D1}.Release|Any CPU.Build.0 = Release|Any CPU
		{015F75D6-0B26-4F24-BDC8-0736FD8916D1}.Release|x64.ActiveCfg = Release|Any CPU
		{015F75D6-0B26-4F24-BDC8-0736FD8916D1}.Release|x64.Build.0 = Release|Any CPU
		{015F75D6-0B26-4F24-BDC8-0736FD8916D1}.Release|x86.ActiveCfg = Release|Any CPU
		{015F75D6-0B26-4F24-BDC8-0736FD8916D1}.Release|x86.Build.0 = Release|Any CPU
		{DEE6CFEF-B656-4F71-8668-09A65FBBFCC5}.Debug|Any CPU.ActiveCfg = Debug|Any CPU
		{DEE6CFEF-B656-4F71-8668-09A65FBBFCC5}.Debug|Any CPU.Build.0 = Debug|Any CPU
		{DEE6CFEF-B656-4F71-8668-09A65FBBFCC5}.Debug|x64.ActiveCfg = Debug|Any CPU
		{DEE6CFEF-B656-4F71-8668-09A65FBBFCC5}.Debug|x64.Build.0 = Debug|Any CPU
		{DEE6CFEF-B656-4F71-8668-09A65FBBFCC5}.Debug|x86.ActiveCfg = Debug|Any CPU
		{DEE6CFEF-B656-4F71-8668-09A65FBBFCC5}.Debug|x86.Build.0 = Debug|Any CPU
		{DEE6CFEF-B656-4F71-8668-09A65FBBFCC5}.Release|Any CPU.ActiveCfg = Release|Any CPU
		{DEE6CFEF-B656-4F71-8668-09A65FBBFCC5}.Release|Any CPU.Build.0 = Release|Any CPU
		{DEE6CFEF-B656-4F71-8668-09A65FBBFCC5}.Release|x64.ActiveCfg = Release|Any CPU
		{DEE6CFEF-B656-4F71-8668-09A65FBBFCC5}.Release|x64.Build.0 = Release|Any CPU
		{DEE6CFEF-B656-4F71-8668-09A65FBBFCC5}.Release|x86.ActiveCfg = Release|Any CPU
		{DEE6CFEF-B656-4F71-8668-09A65FBBFCC5}.Release|x86.Build.0 = Release|Any CPU
		{40A47BD2-C20F-4B9A-A978-433A416CA360}.Debug|Any CPU.ActiveCfg = Debug|Any CPU
		{40A47BD2-C20F-4B9A-A978-433A416CA360}.Debug|Any CPU.Build.0 = Debug|Any CPU
		{40A47BD2-C20F-4B9A-A978-433A416CA360}.Debug|x64.ActiveCfg = Debug|Any CPU
		{40A47BD2-C20F-4B9A-A978-433A416CA360}.Debug|x64.Build.0 = Debug|Any CPU
		{40A47BD2-C20F-4B9A-A978-433A416CA360}.Debug|x86.ActiveCfg = Debug|Any CPU
		{40A47BD2-C20F-4B9A-A978-433A416CA360}.Debug|x86.Build.0 = Debug|Any CPU
		{40A47BD2-C20F-4B9A-A978-433A416CA360}.Release|Any CPU.ActiveCfg = Release|Any CPU
		{40A47BD2-C20F-4B9A-A978-433A416CA360}.Release|Any CPU.Build.0 = Release|Any CPU
		{40A47BD2-C20F-4B9A-A978-433A416CA360}.Release|x64.ActiveCfg = Release|Any CPU
		{40A47BD2-C20F-4B9A-A978-433A416CA360}.Release|x64.Build.0 = Release|Any CPU
		{40A47BD2-C20F-4B9A-A978-433A416CA360}.Release|x86.ActiveCfg = Release|Any CPU
		{40A47BD2-C20F-4B9A-A978-433A416CA360}.Release|x86.Build.0 = Release|Any CPU
	EndGlobalSection
EndGlobal
